
Microsoft Visual Studio Solution File, Format Version 12.00
# Visual Studio Version 16
VisualStudioVersion = 16.0.33927.289
MinimumVisualStudioVersion = 10.0.40219.1
Project("{F184B08F-C81C-45F6-A57F-5ABD9991F28F}") = "Kid", "Kid\Kid.vbproj", "{DC7ECD0F-EB77-45EF-957B-97BC6B1D89C4}"
EndProject
Global
	GlobalSection(SolutionConfigurationPlatforms) = preSolution
		Debug|Any CPU = Debug|Any CPU
		Release|Any CPU = Release|Any CPU
	EndGlobalSection
	GlobalSection(ProjectConfigurationPlatforms) = postSolution
		{DC7ECD0F-EB77-45EF-957B-97BC6B1D89C4}.Debug|Any CPU.ActiveCfg = Debug|Any CPU
		{DC7ECD0F-EB77-45EF-957B-97BC6B1D89C4}.Debug|Any CPU.Build.0 = Debug|Any CPU
		{DC7ECD0F-EB77-45EF-957B-97BC6B1D89C4}.Release|Any CPU.ActiveCfg = Release|Any CPU
		{DC7ECD0F-EB77-45EF-957B-97BC6B1D89C4}.Release|Any CPU.Build.0 = Release|Any CPU
	EndGlobalSection
	GlobalSection(SolutionProperties) = preSolution
		HideSolutionNode = FALSE
	EndGlobalSection
	GlobalSection(ExtensibilityGlobals) = postSolution
		SolutionGuid = {AA517D44-B870-4E44-895A-99A1F6B08A6F}
	EndGlobalSection
EndGlobal
